// !$*UTF8*$!
{
	archiveVersion = 1;
	classes = {
	};
	objectVersion = 56;
	objects = {

/* Begin PBXBuildFile section */
		745A98DC2C21210600801522 /* ColumbiaCityChristianChurchApp.swift in Sources */ = {isa = PBXBuildFile; fileRef = 745A98DB2C21210600801522 /* ColumbiaCityChristianChurchApp.swift */; };
		745A98DE2C21210600801522 /* ContentView.swift in Sources */ = {isa = PBXBuildFile; fileRef = 745A98DD2C21210600801522 /* ContentView.swift */; };
		745A98E02C21210600801522 /* Assets.xcassets in Resources */ = {isa = PBXBuildFile; fileRef = 745A98DF2C21210600801522 /* Assets.xcassets */; };
		745A98E32C21210600801522 /* Preview Assets.xcassets in Resources */ = {isa = PBXBuildFile; fileRef = 745A98E22C21210600801522 /* Preview Assets.xcassets */; };
		745A98ED2C21210700801522 /* AppTests.swift in Sources */ = {isa = PBXBuildFile; fileRef = 745A98EC2C21210700801522 /* AppTests.swift */; };
		745A98F72C21210700801522 /* AppUITests.swift in Sources */ = {isa = PBXBuildFile; fileRef = 745A98F62C21210700801522 /* AppUITests.swift */; };
		745A98F92C21210700801522 /* AppUITestsLaunchTests.swift in Sources */ = {isa = PBXBuildFile; fileRef = 745A98F82C21210700801522 /* AppUITestsLaunchTests.swift */; };
/* End PBXBuildFile section */

/* Begin PBXContainerItemProxy section */
		745A98E92C21210700801522 /* PBXContainerItemProxy */ = {
			isa = PBXContainerItemProxy;
			containerPortal = 745A98D02C21210600801522 /* Project object */;
			proxyType = 1;
			remoteGlobalIDString = 745A98D72C21210600801522;
			remoteInfo = "Columbia City Christian Church";
		};
		745A98F32C21210700801522 /* PBXContainerItemProxy */ = {
			isa = PBXContainerItemProxy;
			containerPortal = 745A98D02C21210600801522 /* Project object */;
			proxyType = 1;
			remoteGlobalIDString = 745A98D72C21210600801522;
			remoteInfo = "Columbia City Christian Church";
		};
/* End PBXContainerItemProxy section */

/* Begin PBXFileReference section */
		745A98D82C21210600801522 /* Columbia City Christian Church.app */ = {isa = PBXFileReference; explicitFileType = wrapper.application; includeInIndex = 0; path = "Columbia City Christian Church.app"; sourceTree = BUILT_PRODUCTS_DIR; };
		745A98DB2C21210600801522 /* ColumbiaCityChristianChurchApp.swift */ = {isa = PBXFileReference; lastKnownFileType = sourcecode.swift; path = ColumbiaCityChristianChurchApp.swift; sourceTree = "<group>"; };
		745A98DD2C21210600801522 /* ContentView.swift */ = {isa = PBXFileReference; lastKnownFileType = sourcecode.swift; path = ContentView.swift; sourceTree = "<group>"; };
		745A98DF2C21210600801522 /* Assets.xcassets */ = {isa = PBXFileReference; lastKnownFileType = folder.assetcatalog; path = Assets.xcassets; sourceTree = "<group>"; };
		745A98E22C21210600801522 /* Preview Assets.xcassets */ = {isa = PBXFileReference; lastKnownFileType = folder.assetcatalog; path = "Preview Assets.xcassets"; sourceTree = "<group>"; };
		745A98E82C21210700801522 /* Columbia City Christian ChurchTests.xctest */ = {isa = PBXFileReference; explicitFileType = wrapper.cfbundle; includeInIndex = 0; path = "Columbia City Christian ChurchTests.xctest"; sourceTree = BUILT_PRODUCTS_DIR; };
		745A98EC2C21210700801522 /* AppTests.swift */ = {isa = PBXFileReference; lastKnownFileType = sourcecode.swift; path = AppTests.swift; sourceTree = "<group>"; };
		745A98F22C21210700801522 /* Columbia City Christian ChurchUITests.xctest */ = {isa = PBXFileReference; explicitFileType = wrapper.cfbundle; includeInIndex = 0; path = "Columbia City Christian ChurchUITests.xctest"; sourceTree = BUILT_PRODUCTS_DIR; };
		745A98F62C21210700801522 /* AppUITests.swift */ = {isa = PBXFileReference; lastKnownFileType = sourcecode.swift; path = AppUITests.swift; sourceTree = "<group>"; };
		745A98F82C21210700801522 /* AppUITestsLaunchTests.swift */ = {isa = PBXFileReference; lastKnownFileType = sourcecode.swift; path = AppUITestsLaunchTests.swift; sourceTree = "<group>"; };
		74D8A4DE2C2138FB00EB6859 /* Columbia-City-Christian-Church-Info.plist */ = {isa = PBXFileReference; lastKnownFileType = text.plist; path = "Columbia-City-Christian-Church-Info.plist"; sourceTree = SOURCE_ROOT; };
/* End PBXFileReference section */

/* Begin PBXFrameworksBuildPhase section */
		745A98D52C21210600801522 /* Frameworks */ = {
			isa = PBXFrameworksBuildPhase;
			buildActionMask = 2147483647;
			files = (
			);
			runOnlyForDeploymentPostprocessing = 0;
		};
		745A98E52C21210700801522 /* Frameworks */ = {
			isa = PBXFrameworksBuildPhase;
			buildActionMask = 2147483647;
			files = (
			);
			runOnlyForDeploymentPostprocessing = 0;
		};
		745A98EF2C21210700801522 /* Frameworks */ = {
			isa = PBXFrameworksBuildPhase;
			buildActionMask = 2147483647;
			files = (
			);
			runOnlyForDeploymentPostprocessing = 0;
		};
/* End PBXFrameworksBuildPhase section */

/* Begin PBXGroup section */
		745A98CF2C21210600801522 = {
			isa = PBXGroup;
			children = (
				745A98DA2C21210600801522 /* Columbia City Christian Church */,
				745A98EB2C21210700801522 /* Columbia City Christian ChurchTests */,
				745A98F52C21210700801522 /* Columbia City Christian ChurchUITests */,
				745A98D92C21210600801522 /* Products */,
			);
			sourceTree = "<group>";
		};
		745A98D92C21210600801522 /* Products */ = {
			isa = PBXGroup;
			children = (
				745A98D82C21210600801522 /* Columbia City Christian Church.app */,
				745A98E82C21210700801522 /* Columbia City Christian ChurchTests.xctest */,
				745A98F22C21210700801522 /* Columbia City Christian ChurchUITests.xctest */,
			);
			name = Products;
			sourceTree = "<group>";
		};
		745A98DA2C21210600801522 /* Columbia City Christian Church */ = {
			isa = PBXGroup;
			children = (
				74D8A4DE2C2138FB00EB6859 /* Columbia-City-Christian-Church-Info.plist */,
				745A99092C21234C00801522 /* Protocols */,
				745A99082C21234500801522 /* Extensions */,
				745A990A2C21235B00801522 /* Services */,
				745A99062C21233A00801522 /* Models */,
				745A99052C21233300801522 /* Views */,
				745A99072C21233F00801522 /* ViewModels */,
				745A98DB2C21210600801522 /* ColumbiaCityChristianChurchApp.swift */,
				745A98DD2C21210600801522 /* ContentView.swift */,
				745A98DF2C21210600801522 /* Assets.xcassets */,
				745A98E12C21210600801522 /* Preview Content */,
			);
			path = "Columbia City Christian Church";
			sourceTree = "<group>";
		};
		745A98E12C21210600801522 /* Preview Content */ = {
			isa = PBXGroup;
			children = (
				745A98E22C21210600801522 /* Preview Assets.xcassets */,
			);
			path = "Preview Content";
			sourceTree = "<group>";
		};
		745A98EB2C21210700801522 /* Columbia City Christian ChurchTests */ = {
			isa = PBXGroup;
			children = (
				745A98EC2C21210700801522 /* AppTests.swift */,
			);
			path = "Columbia City Christian ChurchTests";
			sourceTree = "<group>";
		};
		745A98F52C21210700801522 /* Columbia City Christian ChurchUITests */ = {
			isa = PBXGroup;
			children = (
				745A98F62C21210700801522 /* AppUITests.swift */,
				745A98F82C21210700801522 /* AppUITestsLaunchTests.swift */,
			);
			path = "Columbia City Christian ChurchUITests";
			sourceTree = "<group>";
		};
		745A99052C21233300801522 /* Views */ = {
			isa = PBXGroup;
			children = (
			);
			path = Views;
			sourceTree = "<group>";
		};
		745A99062C21233A00801522 /* Models */ = {
			isa = PBXGroup;
			children = (
			);
			path = Models;
			sourceTree = "<group>";
		};
		745A99072C21233F00801522 /* ViewModels */ = {
			isa = PBXGroup;
			children = (
			);
			path = ViewModels;
			sourceTree = "<group>";
		};
		745A99082C21234500801522 /* Extensions */ = {
			isa = PBXGroup;
			children = (
			);
			path = Extensions;
			sourceTree = "<group>";
		};
		745A99092C21234C00801522 /* Protocols */ = {
			isa = PBXGroup;
			children = (
			);
			path = Protocols;
			sourceTree = "<group>";
		};
		745A990A2C21235B00801522 /* Services */ = {
			isa = PBXGroup;
			children = (
			);
			path = Services;
			sourceTree = "<group>";
		};
/* End PBXGroup section */

/* Begin PBXNativeTarget section */
		745A98D72C21210600801522 /* Columbia City Christian Church */ = {
			isa = PBXNativeTarget;
			buildConfigurationList = 745A98FC2C21210700801522 /* Build configuration list for PBXNativeTarget "Columbia City Christian Church" */;
			buildPhases = (
				745A98D42C21210600801522 /* Sources */,
				745A98D52C21210600801522 /* Frameworks */,
				745A98D62C21210600801522 /* Resources */,
				745A990B2C212B4A00801522 /* Run SwiftLint */,
			);
			buildRules = (
			);
			dependencies = (
			);
			name = "Columbia City Christian Church";
			productName = "Columbia City Christian Church";
			productReference = 745A98D82C21210600801522 /* Columbia City Christian Church.app */;
			productType = "com.apple.product-type.application";
		};
		745A98E72C21210700801522 /* Columbia City Christian ChurchTests */ = {
			isa = PBXNativeTarget;
			buildConfigurationList = 745A98FF2C21210700801522 /* Build configuration list for PBXNativeTarget "Columbia City Christian ChurchTests" */;
			buildPhases = (
				745A98E42C21210700801522 /* Sources */,
				745A98E52C21210700801522 /* Frameworks */,
				745A98E62C21210700801522 /* Resources */,
			);
			buildRules = (
			);
			dependencies = (
				745A98EA2C21210700801522 /* PBXTargetDependency */,
			);
			name = "Columbia City Christian ChurchTests";
			productName = "Columbia City Christian ChurchTests";
			productReference = 745A98E82C21210700801522 /* Columbia City Christian ChurchTests.xctest */;
			productType = "com.apple.product-type.bundle.unit-test";
		};
		745A98F12C21210700801522 /* Columbia City Christian ChurchUITests */ = {
			isa = PBXNativeTarget;
			buildConfigurationList = 745A99022C21210700801522 /* Build configuration list for PBXNativeTarget "Columbia City Christian ChurchUITests" */;
			buildPhases = (
				745A98EE2C21210700801522 /* Sources */,
				745A98EF2C21210700801522 /* Frameworks */,
				745A98F02C21210700801522 /* Resources */,
			);
			buildRules = (
			);
			dependencies = (
				745A98F42C21210700801522 /* PBXTargetDependency */,
			);
			name = "Columbia City Christian ChurchUITests";
			productName = "Columbia City Christian ChurchUITests";
			productReference = 745A98F22C21210700801522 /* Columbia City Christian ChurchUITests.xctest */;
			productType = "com.apple.product-type.bundle.ui-testing";
		};
/* End PBXNativeTarget section */

/* Begin PBXProject section */
		745A98D02C21210600801522 /* Project object */ = {
			isa = PBXProject;
			attributes = {
				BuildIndependentTargetsInParallel = 1;
				LastSwiftUpdateCheck = 1540;
				LastUpgradeCheck = 1540;
				TargetAttributes = {
					745A98D72C21210600801522 = {
						CreatedOnToolsVersion = 15.4;
					};
					745A98E72C21210700801522 = {
						CreatedOnToolsVersion = 15.4;
						TestTargetID = 745A98D72C21210600801522;
					};
					745A98F12C21210700801522 = {
						CreatedOnToolsVersion = 15.4;
						TestTargetID = 745A98D72C21210600801522;
					};
				};
			};
			buildConfigurationList = 745A98D32C21210600801522 /* Build configuration list for PBXProject "Columbia City Christian Church" */;
			compatibilityVersion = "Xcode 14.0";
			developmentRegion = en;
			hasScannedForEncodings = 0;
			knownRegions = (
				en,
				Base,
			);
			mainGroup = 745A98CF2C21210600801522;
			productRefGroup = 745A98D92C21210600801522 /* Products */;
			projectDirPath = "";
			projectRoot = "";
			targets = (
				745A98D72C21210600801522 /* Columbia City Christian Church */,
				745A98E72C21210700801522 /* Columbia City Christian ChurchTests */,
				745A98F12C21210700801522 /* Columbia City Christian ChurchUITests */,
			);
		};
/* End PBXProject section */

/* Begin PBXResourcesBuildPhase section */
		745A98D62C21210600801522 /* Resources */ = {
			isa = PBXResourcesBuildPhase;
			buildActionMask = 2147483647;
			files = (
				745A98E32C21210600801522 /* Preview Assets.xcassets in Resources */,
				745A98E02C21210600801522 /* Assets.xcassets in Resources */,
			);
			runOnlyForDeploymentPostprocessing = 0;
		};
		745A98E62C21210700801522 /* Resources */ = {
			isa = PBXResourcesBuildPhase;
			buildActionMask = 2147483647;
			files = (
			);
			runOnlyForDeploymentPostprocessing = 0;
		};
		745A98F02C21210700801522 /* Resources */ = {
			isa = PBXResourcesBuildPhase;
			buildActionMask = 2147483647;
			files = (
			);
			runOnlyForDeploymentPostprocessing = 0;
		};
/* End PBXResourcesBuildPhase section */

/* Begin PBXShellScriptBuildPhase section */
		745A990B2C212B4A00801522 /* Run SwiftLint */ = {
			isa = PBXShellScriptBuildPhase;
			alwaysOutOfDate = 1;
			buildActionMask = 2147483647;
			files = (
			);
			inputFileListPaths = (
			);
			inputPaths = (
			);
			name = "Run SwiftLint";
			outputFileListPaths = (
			);
			outputPaths = (
			);
			runOnlyForDeploymentPostprocessing = 0;
			shellPath = /bin/sh;
			shellScript = "# Type a script or drag a script file from your workspace to insert its path.\nif [[ \"$(uname -m)\" == arm64 ]]; then\n    export PATH=\"/opt/homebrew/bin:$PATH\"\nfi\n\nif which swiftlint > /dev/null; then\n    swiftlint --fix\nelse\n    echo \"warning: SwiftLint not installed, run 'brew install swiftlint'\"\nfi\n";
		};
/* End PBXShellScriptBuildPhase section */

/* Begin PBXSourcesBuildPhase section */
		745A98D42C21210600801522 /* Sources */ = {
			isa = PBXSourcesBuildPhase;
			buildActionMask = 2147483647;
			files = (
				745A98DE2C21210600801522 /* ContentView.swift in Sources */,
				745A98DC2C21210600801522 /* ColumbiaCityChristianChurchApp.swift in Sources */,
			);
			runOnlyForDeploymentPostprocessing = 0;
		};
		745A98E42C21210700801522 /* Sources */ = {
			isa = PBXSourcesBuildPhase;
			buildActionMask = 2147483647;
			files = (
				745A98ED2C21210700801522 /* AppTests.swift in Sources */,
			);
			runOnlyForDeploymentPostprocessing = 0;
		};
		745A98EE2C21210700801522 /* Sources */ = {
			isa = PBXSourcesBuildPhase;
			buildActionMask = 2147483647;
			files = (
				745A98F92C21210700801522 /* AppUITestsLaunchTests.swift in Sources */,
				745A98F72C21210700801522 /* AppUITests.swift in Sources */,
			);
			runOnlyForDeploymentPostprocessing = 0;
		};
/* End PBXSourcesBuildPhase section */

/* Begin PBXTargetDependency section */
		745A98EA2C21210700801522 /* PBXTargetDependency */ = {
			isa = PBXTargetDependency;
			target = 745A98D72C21210600801522 /* Columbia City Christian Church */;
			targetProxy = 745A98E92C21210700801522 /* PBXContainerItemProxy */;
		};
		745A98F42C21210700801522 /* PBXTargetDependency */ = {
			isa = PBXTargetDependency;
			target = 745A98D72C21210600801522 /* Columbia City Christian Church */;
			targetProxy = 745A98F32C21210700801522 /* PBXContainerItemProxy */;
		};
/* End PBXTargetDependency section */

/* Begin XCBuildConfiguration section */
		745A98FA2C21210700801522 /* Debug */ = {
			isa = XCBuildConfiguration;
			buildSettings = {
				ALWAYS_SEARCH_USER_PATHS = NO;
				ASSETCATALOG_COMPILER_GENERATE_SWIFT_ASSET_SYMBOL_EXTENSIONS = YES;
				CLANG_ANALYZER_NONNULL = YES;
				CLANG_ANALYZER_NUMBER_OBJECT_CONVERSION = YES_AGGRESSIVE;
				CLANG_CXX_LANGUAGE_STANDARD = "gnu++20";
				CLANG_ENABLE_MODULES = YES;
				CLANG_ENABLE_OBJC_ARC = YES;
				CLANG_ENABLE_OBJC_WEAK = YES;
				CLANG_WARN_BLOCK_CAPTURE_AUTORELEASING = YES;
				CLANG_WARN_BOOL_CONVERSION = YES;
				CLANG_WARN_COMMA = YES;
				CLANG_WARN_CONSTANT_CONVERSION = YES;
				CLANG_WARN_DEPRECATED_OBJC_IMPLEMENTATIONS = YES;
				CLANG_WARN_DIRECT_OBJC_ISA_USAGE = YES_ERROR;
				CLANG_WARN_DOCUMENTATION_COMMENTS = YES;
				CLANG_WARN_EMPTY_BODY = YES;
				CLANG_WARN_ENUM_CONVERSION = YES;
				CLANG_WARN_INFINITE_RECURSION = YES;
				CLANG_WARN_INT_CONVERSION = YES;
				CLANG_WARN_NON_LITERAL_NULL_CONVERSION = YES;
				CLANG_WARN_OBJC_IMPLICIT_RETAIN_SELF = YES;
				CLANG_WARN_OBJC_LITERAL_CONVERSION = YES;
				CLANG_WARN_OBJC_ROOT_CLASS = YES_ERROR;
				CLANG_WARN_QUOTED_INCLUDE_IN_FRAMEWORK_HEADER = YES;
				CLANG_WARN_RANGE_LOOP_ANALYSIS = YES;
				CLANG_WARN_STRICT_PROTOTYPES = YES;
				CLANG_WARN_SUSPICIOUS_MOVE = YES;
				CLANG_WARN_UNGUARDED_AVAILABILITY = YES_AGGRESSIVE;
				CLANG_WARN_UNREACHABLE_CODE = YES;
				CLANG_WARN__DUPLICATE_METHOD_MATCH = YES;
				COPY_PHASE_STRIP = NO;
				DEBUG_INFORMATION_FORMAT = dwarf;
				ENABLE_STRICT_OBJC_MSGSEND = YES;
				ENABLE_TESTABILITY = YES;
				ENABLE_USER_SCRIPT_SANDBOXING = NO;
				GCC_C_LANGUAGE_STANDARD = gnu17;
				GCC_DYNAMIC_NO_PIC = NO;
				GCC_NO_COMMON_BLOCKS = YES;
				GCC_OPTIMIZATION_LEVEL = 0;
				GCC_PREPROCESSOR_DEFINITIONS = (
					"DEBUG=1",
					"$(inherited)",
				);
				GCC_WARN_64_TO_32_BIT_CONVERSION = YES;
				GCC_WARN_ABOUT_RETURN_TYPE = YES_ERROR;
				GCC_WARN_UNDECLARED_SELECTOR = YES;
				GCC_WARN_UNINITIALIZED_AUTOS = YES_AGGRESSIVE;
				GCC_WARN_UNUSED_FUNCTION = YES;
				GCC_WARN_UNUSED_VARIABLE = YES;
				IPHONEOS_DEPLOYMENT_TARGET = 17.5;
				LOCALIZATION_PREFERS_STRING_CATALOGS = YES;
				MTL_ENABLE_DEBUG_INFO = INCLUDE_SOURCE;
				MTL_FAST_MATH = YES;
				ONLY_ACTIVE_ARCH = YES;
				SDKROOT = iphoneos;
				SWIFT_ACTIVE_COMPILATION_CONDITIONS = "DEBUG $(inherited)";
				SWIFT_OPTIMIZATION_LEVEL = "-Onone";
			};
			name = Debug;
		};
		745A98FB2C21210700801522 /* Release */ = {
			isa = XCBuildConfiguration;
			buildSettings = {
				ALWAYS_SEARCH_USER_PATHS = NO;
				ASSETCATALOG_COMPILER_GENERATE_SWIFT_ASSET_SYMBOL_EXTENSIONS = YES;
				CLANG_ANALYZER_NONNULL = YES;
				CLANG_ANALYZER_NUMBER_OBJECT_CONVERSION = YES_AGGRESSIVE;
				CLANG_CXX_LANGUAGE_STANDARD = "gnu++20";
				CLANG_ENABLE_MODULES = YES;
				CLANG_ENABLE_OBJC_ARC = YES;
				CLANG_ENABLE_OBJC_WEAK = YES;
				CLANG_WARN_BLOCK_CAPTURE_AUTORELEASING = YES;
				CLANG_WARN_BOOL_CONVERSION = YES;
				CLANG_WARN_COMMA = YES;
				CLANG_WARN_CONSTANT_CONVERSION = YES;
				CLANG_WARN_DEPRECATED_OBJC_IMPLEMENTATIONS = YES;
				CLANG_WARN_DIRECT_OBJC_ISA_USAGE = YES_ERROR;
				CLANG_WARN_DOCUMENTATION_COMMENTS = YES;
				CLANG_WARN_EMPTY_BODY = YES;
				CLANG_WARN_ENUM_CONVERSION = YES;
				CLANG_WARN_INFINITE_RECURSION = YES;
				CLANG_WARN_INT_CONVERSION = YES;
				CLANG_WARN_NON_LITERAL_NULL_CONVERSION = YES;
				CLANG_WARN_OBJC_IMPLICIT_RETAIN_SELF = YES;
				CLANG_WARN_OBJC_LITERAL_CONVERSION = YES;
				CLANG_WARN_OBJC_ROOT_CLASS = YES_ERROR;
				CLANG_WARN_QUOTED_INCLUDE_IN_FRAMEWORK_HEADER = YES;
				CLANG_WARN_RANGE_LOOP_ANALYSIS = YES;
				CLANG_WARN_STRICT_PROTOTYPES = YES;
				CLANG_WARN_SUSPICIOUS_MOVE = YES;
				CLANG_WARN_UNGUARDED_AVAILABILITY = YES_AGGRESSIVE;
				CLANG_WARN_UNREACHABLE_CODE = YES;
				CLANG_WARN__DUPLICATE_METHOD_MATCH = YES;
				COPY_PHASE_STRIP = NO;
				DEBUG_INFORMATION_FORMAT = "dwarf-with-dsym";
				ENABLE_NS_ASSERTIONS = NO;
				ENABLE_STRICT_OBJC_MSGSEND = YES;
				ENABLE_USER_SCRIPT_SANDBOXING = NO;
				GCC_C_LANGUAGE_STANDARD = gnu17;
				GCC_NO_COMMON_BLOCKS = YES;
				GCC_WARN_64_TO_32_BIT_CONVERSION = YES;
				GCC_WARN_ABOUT_RETURN_TYPE = YES_ERROR;
				GCC_WARN_UNDECLARED_SELECTOR = YES;
				GCC_WARN_UNINITIALIZED_AUTOS = YES_AGGRESSIVE;
				GCC_WARN_UNUSED_FUNCTION = YES;
				GCC_WARN_UNUSED_VARIABLE = YES;
				IPHONEOS_DEPLOYMENT_TARGET = 17.5;
				LOCALIZATION_PREFERS_STRING_CATALOGS = YES;
				MTL_ENABLE_DEBUG_INFO = NO;
				MTL_FAST_MATH = YES;
				SDKROOT = iphoneos;
				SWIFT_COMPILATION_MODE = wholemodule;
				VALIDATE_PRODUCT = YES;
			};
			name = Release;
		};
		745A98FD2C21210700801522 /* Debug */ = {
			isa = XCBuildConfiguration;
			buildSettings = {
				ASSETCATALOG_COMPILER_APPICON_NAME = AppIcon;
				ASSETCATALOG_COMPILER_GLOBAL_ACCENT_COLOR_NAME = AccentColor;
				CODE_SIGN_STYLE = Automatic;
				CURRENT_PROJECT_VERSION = 1;
				DEVELOPMENT_ASSET_PATHS = "\"Columbia City Christian Church/Preview Content\"";
				DEVELOPMENT_TEAM = 6U666T5AU4;
				ENABLE_PREVIEWS = YES;
				GENERATE_INFOPLIST_FILE = YES;
				INFOPLIST_FILE = "Columbia-City-Christian-Church-Info.plist";
				INFOPLIST_KEY_CFBundleDisplayName = CCCC;
				INFOPLIST_KEY_LSApplicationCategoryType = "public.app-category.lifestyle";
				INFOPLIST_KEY_UIApplicationSceneManifest_Generation = YES;
				INFOPLIST_KEY_UIApplicationSupportsIndirectInputEvents = YES;
				INFOPLIST_KEY_UILaunchScreen_Generation = YES;
				INFOPLIST_KEY_UISupportedInterfaceOrientations = UIInterfaceOrientationPortrait;
				INFOPLIST_KEY_UISupportedInterfaceOrientations_iPad = "UIInterfaceOrientationPortrait UIInterfaceOrientationPortraitUpsideDown";
				IPHONEOS_DEPLOYMENT_TARGET = 17.0;
				LD_RUNPATH_SEARCH_PATHS = (
					"$(inherited)",
					"@executable_path/Frameworks",
				);
				MARKETING_VERSION = 1.0;
				PRODUCT_BUNDLE_IDENTIFIER = "MIETech.Columbia-City-Christian-Church";
				PRODUCT_NAME = "$(TARGET_NAME)";
				SUPPORTED_PLATFORMS = "iphoneos iphonesimulator";
				SUPPORTS_MACCATALYST = NO;
				SUPPORTS_MAC_DESIGNED_FOR_IPHONE_IPAD = NO;
				SUPPORTS_XR_DESIGNED_FOR_IPHONE_IPAD = YES;
				SWIFT_EMIT_LOC_STRINGS = YES;
				SWIFT_VERSION = 5.0;
				TARGETED_DEVICE_FAMILY = "1,2";
			};
			name = Debug;
		};
		745A98FE2C21210700801522 /* Release */ = {
			isa = XCBuildConfiguration;
			buildSettings = {
				ASSETCATALOG_COMPILER_APPICON_NAME = AppIcon;
				ASSETCATALOG_COMPILER_GLOBAL_ACCENT_COLOR_NAME = AccentColor;
				CODE_SIGN_STYLE = Automatic;
				CURRENT_PROJECT_VERSION = 1;
				DEVELOPMENT_ASSET_PATHS = "\"Columbia City Christian Church/Preview Content\"";
				DEVELOPMENT_TEAM = 6U666T5AU4;
				ENABLE_PREVIEWS = YES;
				GENERATE_INFOPLIST_FILE = YES;
				INFOPLIST_FILE = "Columbia-City-Christian-Church-Info.plist";
				INFOPLIST_KEY_CFBundleDisplayName = CCCC;
				INFOPLIST_KEY_LSApplicationCategoryType = "public.app-category.lifestyle";
				INFOPLIST_KEY_UIApplicationSceneManifest_Generation = YES;
				INFOPLIST_KEY_UIApplicationSupportsIndirectInputEvents = YES;
				INFOPLIST_KEY_UILaunchScreen_Generation = YES;
				INFOPLIST_KEY_UISupportedInterfaceOrientations = UIInterfaceOrientationPortrait;
				INFOPLIST_KEY_UISupportedInterfaceOrientations_iPad = "UIInterfaceOrientationPortrait UIInterfaceOrientationPortraitUpsideDown";
				IPHONEOS_DEPLOYMENT_TARGET = 17.0;
				LD_RUNPATH_SEARCH_PATHS = (
					"$(inherited)",
					"@executable_path/Frameworks",
				);
				MARKETING_VERSION = 1.0;
				PRODUCT_BUNDLE_IDENTIFIER = "MIETech.Columbia-City-Christian-Church";
				PRODUCT_NAME = "$(TARGET_NAME)";
				SUPPORTED_PLATFORMS = "iphoneos iphonesimulator";
				SUPPORTS_MACCATALYST = NO;
				SUPPORTS_MAC_DESIGNED_FOR_IPHONE_IPAD = NO;
				SUPPORTS_XR_DESIGNED_FOR_IPHONE_IPAD = YES;
				SWIFT_EMIT_LOC_STRINGS = YES;
				SWIFT_VERSION = 5.0;
				TARGETED_DEVICE_FAMILY = "1,2";
			};
			name = Release;
		};
		745A99002C21210700801522 /* Debug */ = {
			isa = XCBuildConfiguration;
			buildSettings = {
				ALWAYS_EMBED_SWIFT_STANDARD_LIBRARIES = YES;
				BUNDLE_LOADER = "$(TEST_HOST)";
				CODE_SIGN_STYLE = Automatic;
				CURRENT_PROJECT_VERSION = 1;
				DEVELOPMENT_TEAM = 6U666T5AU4;
				GENERATE_INFOPLIST_FILE = YES;
				IPHONEOS_DEPLOYMENT_TARGET = 17.5;
				MARKETING_VERSION = 1.0;
				PRODUCT_BUNDLE_IDENTIFIER = "MIETech.Columbia-City-Christian-ChurchTests";
				PRODUCT_NAME = "$(TARGET_NAME)";
				SWIFT_EMIT_LOC_STRINGS = NO;
				SWIFT_VERSION = 5.0;
				TARGETED_DEVICE_FAMILY = "1,2";
				TEST_HOST = "$(BUILT_PRODUCTS_DIR)/Columbia City Christian Church.app/$(BUNDLE_EXECUTABLE_FOLDER_PATH)/Columbia City Christian Church";
			};
			name = Debug;
		};
		745A99012C21210700801522 /* Release */ = {
			isa = XCBuildConfiguration;
			buildSettings = {
				ALWAYS_EMBED_SWIFT_STANDARD_LIBRARIES = YES;
				BUNDLE_LOADER = "$(TEST_HOST)";
				CODE_SIGN_STYLE = Automatic;
				CURRENT_PROJECT_VERSION = 1;
				DEVELOPMENT_TEAM = 6U666T5AU4;
				GENERATE_INFOPLIST_FILE = YES;
				IPHONEOS_DEPLOYMENT_TARGET = 17.5;
				MARKETING_VERSION = 1.0;
				PRODUCT_BUNDLE_IDENTIFIER = "MIETech.Columbia-City-Christian-ChurchTests";
				PRODUCT_NAME = "$(TARGET_NAME)";
				SWIFT_EMIT_LOC_STRINGS = NO;
				SWIFT_VERSION = 5.0;
				TARGETED_DEVICE_FAMILY = "1,2";
				TEST_HOST = "$(BUILT_PRODUCTS_DIR)/Columbia City Christian Church.app/$(BUNDLE_EXECUTABLE_FOLDER_PATH)/Columbia City Christian Church";
			};
			name = Release;
		};
		745A99032C21210700801522 /* Debug */ = {
			isa = XCBuildConfiguration;
			buildSettings = {
				ALWAYS_EMBED_SWIFT_STANDARD_LIBRARIES = YES;
				CODE_SIGN_STYLE = Automatic;
				CURRENT_PROJECT_VERSION = 1;
				DEVELOPMENT_TEAM = 6U666T5AU4;
				GENERATE_INFOPLIST_FILE = YES;
				MARKETING_VERSION = 1.0;
				PRODUCT_BUNDLE_IDENTIFIER = "MIETech.Columbia-City-Christian-ChurchUITests";
				PRODUCT_NAME = "$(TARGET_NAME)";
				SWIFT_EMIT_LOC_STRINGS = NO;
				SWIFT_VERSION = 5.0;
				TARGETED_DEVICE_FAMILY = "1,2";
				TEST_TARGET_NAME = "Columbia City Christian Church";
			};
			name = Debug;
		};
		745A99042C21210700801522 /* Release */ = {
			isa = XCBuildConfiguration;
			buildSettings = {
				ALWAYS_EMBED_SWIFT_STANDARD_LIBRARIES = YES;
				CODE_SIGN_STYLE = Automatic;
				CURRENT_PROJECT_VERSION = 1;
				DEVELOPMENT_TEAM = 6U666T5AU4;
				GENERATE_INFOPLIST_FILE = YES;
				MARKETING_VERSION = 1.0;
				PRODUCT_BUNDLE_IDENTIFIER = "MIETech.Columbia-City-Christian-ChurchUITests";
				PRODUCT_NAME = "$(TARGET_NAME)";
				SWIFT_EMIT_LOC_STRINGS = NO;
				SWIFT_VERSION = 5.0;
				TARGETED_DEVICE_FAMILY = "1,2";
				TEST_TARGET_NAME = "Columbia City Christian Church";
			};
			name = Release;
		};
/* End XCBuildConfiguration section */

/* Begin XCConfigurationList section */
		745A98D32C21210600801522 /* Build configuration list for PBXProject "Columbia City Christian Church" */ = {
			isa = XCConfigurationList;
			buildConfigurations = (
				745A98FA2C21210700801522 /* Debug */,
				745A98FB2C21210700801522 /* Release */,
			);
			defaultConfigurationIsVisible = 0;
			defaultConfigurationName = Release;
		};
		745A98FC2C21210700801522 /* Build configuration list for PBXNativeTarget "Columbia City Christian Church" */ = {
			isa = XCConfigurationList;
			buildConfigurations = (
				745A98FD2C21210700801522 /* Debug */,
				745A98FE2C21210700801522 /* Release */,
			);
			defaultConfigurationIsVisible = 0;
			defaultConfigurationName = Release;
		};
		745A98FF2C21210700801522 /* Build configuration list for PBXNativeTarget "Columbia City Christian ChurchTests" */ = {
			isa = XCConfigurationList;
			buildConfigurations = (
				745A99002C21210700801522 /* Debug */,
				745A99012C21210700801522 /* Release */,
			);
			defaultConfigurationIsVisible = 0;
			defaultConfigurationName = Release;
		};
		745A99022C21210700801522 /* Build configuration list for PBXNativeTarget "Columbia City Christian ChurchUITests" */ = {
			isa = XCConfigurationList;
			buildConfigurations = (
				745A99032C21210700801522 /* Debug */,
				745A99042C21210700801522 /* Release */,
			);
			defaultConfigurationIsVisible = 0;
			defaultConfigurationName = Release;
		};
/* End XCConfigurationList section */
	};
	rootObject = 745A98D02C21210600801522 /* Project object */;
}
