{
  "originHash" : "4a365ff9ff211629b3cfd1b181833ad4eb96baf8d4945c6d87e83d3994bdc5bd",
  "pins" : [
    {
      "identity" : "columbiacitychristianchurchsdk",
      "kind" : "remoteSourceControl",
      "location" : "git@github.com:mietechnologies/ColumbiaCityChristianChurchSDK.git",
      "state" : {
        "revision" : "d3d8fdc118c1872c92e34bd2452571ff7abb28e8",
        "version" : "1.0.0"
      }
    },
    {
      "identity" : "mie_calendarview",
      "kind" : "remoteSourceControl",
      "location" : "git@github.com:mietechnologies/MIE_CalendarView.git",
      "state" : {
        "revision" : "f95ce0a7ba8a43525840b60889362cb742c62db3",
        "version" : "1.0.1"
      }
    },
    {
      "identity" : "mienavigationview",
      "kind" : "remoteSourceControl",
      "location" : "git@github.com:mietechnologies/MIENavigationView.git",
      "state" : {
        "revision" : "1fd576c21797964419fa9c1da7a527188be47083",
        "version" : "1.1.0"
      }
    }
  ],
  "version" : 3
}
